
Microsoft Visual Studio Solution File, Format Version 12.00
# Visual Studio 15
VisualStudioVersion = 15.0.27703.2000
MinimumVisualStudioVersion = 10.0.40219.1
Project("{FAE04EC0-301F-11D3-BF4B-00C04F79EFBC}") = "EmployeeSalaries", "EmployeeSalaries\EmployeeSalaries.csproj", "{57E1F465-9B33-41AF-8D08-773164F4B0EF}"
EndProject
Global
	GlobalSection(SolutionConfigurationPlatforms) = preSolution
		Debug|Any CPU = Debug|Any CPU
		Release|Any CPU = Release|Any CPU
	EndGlobalSection
	GlobalSection(ProjectConfigurationPlatforms) = postSolution
		{57E1F465-9B33-41AF-8D08-773164F4B0EF}.Debug|Any CPU.ActiveCfg = Debug|Any CPU
		{57E1F465-9B33-41AF-8D08-773164F4B0EF}.Debug|Any CPU.Build.0 = Debug|Any CPU
		{57E1F465-9B33-41AF-8D08-773164F4B0EF}.Release|Any CPU.ActiveCfg = Release|Any CPU
		{57E1F465-9B33-41AF-8D08-773164F4B0EF}.Release|Any CPU.Build.0 = Release|Any CPU
	EndGlobalSection
	GlobalSection(SolutionProperties) = preSolution
		HideSolutionNode = FALSE
	EndGlobalSection
	GlobalSection(ExtensibilityGlobals) = postSolution
		SolutionGuid = {1AEB13D2-C867-4841-8033-420237502402}
	EndGlobalSection
EndGlobal
